{
  "name": "hybridinference-independent-frontend-fixture",
  "version": "0.1.0",
  "lockfileVersion": 3,
  "requires": true,
  "packages": {
    "": {
      "name": "hybridinference-independent-frontend-fixture",
      "version": "0.1.0",
      "engines": {
        "node": ">=20.19.0"
      }
    }
  }
}
